
Microsoft Visual Studio Solution File, Format Version 12.00
# Visual Studio 15
VisualStudioVersion = 15.0.28307.329
MinimumVisualStudioVersion = 10.0.40219.1
Project("{FAE04EC0-301F-11D3-BF4B-00C04F79EFBC}") = "RedisExample", "RedisExample\RedisExample.csproj", "{D8847373-75E2-4BFC-9F77-7C06625D20AD}"
EndProject
Global
	GlobalSection(SolutionConfigurationPlatforms) = preSolution
		Debug|Any CPU = Debug|Any CPU
		Release|Any CPU = Release|Any CPU
	EndGlobalSection
	GlobalSection(ProjectConfigurationPlatforms) = postSolution
		{D8847373-75E2-4BFC-9F77-7C06625D20AD}.Debug|Any CPU.ActiveCfg = Debug|Any CPU
		{D8847373-75E2-4BFC-9F77-7C06625D20AD}.Debug|Any CPU.Build.0 = Debug|Any CPU
		{D8847373-75E2-4BFC-9F77-7C06625D20AD}.Release|Any CPU.ActiveCfg = Release|Any CPU
		{D8847373-75E2-4BFC-9F77-7C06625D20AD}.Release|Any CPU.Build.0 = Release|Any CPU
	EndGlobalSection
	GlobalSection(SolutionProperties) = preSolution
		HideSolutionNode = FALSE
	EndGlobalSection
	GlobalSection(ExtensibilityGlobals) = postSolution
		SolutionGuid = {97B4099A-91EE-4F36-BC30-BACC2FB36D9D}
	EndGlobalSection
EndGlobal
